lockfileVersion: '9.0'

settings:
  autoInstallPeers: true
  excludeLinksFromLockfile: false

importers:

  .:
    dependencies:
      next:
        specifier: 16.3.8
        version: 16.3.8(@types/node@20.19.43)(react-dom@19.2.4(react@19.2.4))(react@19.2.4)
      next-intl:
        specifier: ^4.0.0
        version: 4.14.1(@swc/helpers@0.5.23)(next@16.3.8(@types/node@20.19.43)(react-dom@19.2.4(react@19.2.4))(react@19.2.4))(react@19.2.4)
      react:
        specifier: 19.2.4
        version: 19.2.4
      react-dom:
        specifier: 19.2.4
        version: 19.2.4(react@19.2.4)
      swr:
        specifier: ^2.3.6
        version: 2.5.1(react@19.2.4)
    devDependencies:
      '@types/node':
        specifier: ^20.19.0
        version: 20.19.43
      '@types/react':
        specifier: 19.2.14
        version: 19.2.14
      '@types/react-dom':
        specifier: 19.2.3
        version: 19.2.3(@types/react@19.2.14)
      typescript:
        specifier: ^5.8.3
        version: 5.9.3

packages:

  '@eloqnt/config@0.0.2':
    resolution: {integrity: sha512-xz86UU1TJQPSzb0XJ3PkoyDlv3wdIiHfuu2wD/8m9ponHx0uSasYRDj4S+dpwQkIQaPYibN1oRr5HBll2GQkog==}

  '@eloqnt/format-json@0.0.3':
    resolution: {integrity: sha512-zgDUVryBYQyM0WZGAoVr+FXjrzRjKkBGJran0E3i5LBcvTycl9ScFVhkF7aRBg8mHrU9xxvclUtSDIYg2mRTQg==}

  '@eloqnt/format-po@0.0.3':
    resolution: {integrity: sha512-4r36qEd7KJFV+IMKUv5czNXbGVys8ahxlQKWoUDV20eGl4Oxr+YZ2O5IEQU09S+d7FvPJ1USnyc/wtCLNCo1Ng==}

  '@emnapi/runtime@1.11.3':
    resolution: {integrity: sha512-Xz4Tpyki7XyrpbUK1jR1AhdAdaXyhhY4lZ3neLodmhpuWfy2PAQN5B46sAiU4liOXGLkHypn/qU+jvfWSCYYLA==}

  '@formatjs/fast-memoize@3.1.7':
    resolution: {integrity: sha512-zXfhLpvA6T7+efdt9JLbBwZ00tT7NsBMDVnDu8rpHeNNv8KfRZAMo2gkG0k9lK/Nzc//3kJ9pImsfuJxk3KhUA==}

  '@formatjs/icu-messageformat-parser@3.5.17':
    resolution: {integrity: sha512-cN9jhVqT7u0K9tix43fhjoUwL0nazyW6zsNIXs2QdPADr+nurPfYyssUiMqcSCGlPcCiqnYVxgSn7zBSuI+5Bg==}

  '@formatjs/icu-skeleton-parser@2.1.11':
    resolution: {integrity: sha512-j8cUmOJzVgkHuS0QiQ6ga76UIoLOFSAMWhs7aZJztH3aAdCOAE6vpC8KVvFB4cU10ON0y2/5oOVmPJ43s2lTwA==}

  '@formatjs/intl-localematcher@0.8.13':
    resolution: {integrity: sha512-kHEAFOkeJSPNi7c5PaKaRjxcBrJwzzt81ifUu+8uve1EDW/VJl83KsxmqgqNZLzcFEhSliZGvx3+pk/RH0IOmg==}

  '@img/colour@1.1.0':
    resolution: {integrity: sha512-Td76q7j57o/tLVdgS746cYARfSyxk8iEfRxewL9h4OMzYhbW4TAcppl0mT4eyqXddh6L/jwoM75mo7ixa/pCeQ==}
    engines: {node: '>=18'}

  '@img/sharp-darwin-arm64@0.35.5':
    resolution: {integrity: sha512-QRUlFQ0WxvdWyqqG/WtI3iupfD5rBzmCHXSdPsY91sAtVtTo7Q4cb6zOccZ3gqEqkr0f1As1ehLqmEpDsRf+lg==}
    engines: {node: '>=20.9.0'}
    cpu: [arm64]
    os: [darwin]

  '@img/sharp-darwin-x64@0.35.5':
    resolution: {integrity: sha512-+BR255RhDlpygUpOc/Jdt1nT6DQ3XG/ERo5wbcdOf5Q320dKtPCKPLR1LJs9VGXRaMa8l1uUa0tkCNOXiAxZUw==}
    engines: {node: '>=20.9.0'}
    cpu: [x64]
    os: [darwin]

  '@img/sharp-freebsd-wasm32@0.35.5':
    resolution: {integrity: sha512-Y/z91nEZ4uIBX5X3nfTovjU9lHNKFYbL2lpHCLVNmXQK03VIZvXBBt0KxbPGp2SdGSF+2mQU4e+hQaWOt86iAw==}
    engines: {node: '>=20.9.0'}
    os: [freebsd]

  '@img/sharp-libvips-darwin-arm64@1.3.4':
    resolution: {integrity: sha512-5R89nBYiRdUlSWJxPhO+GVtaXzXSxKnRu/xqMn3KTA3L9EB9Oy/P+Nn2f2vlhPuUdy/Zusb2DarbyTpGCfEDuw==}
    cpu: [arm64]
    os: [darwin]

  '@img/sharp-libvips-darwin-x64@1.3.4':
    resolution: {integrity: sha512-iR2OKH80yi0U+dUplyh3/xdpFvps6YkCwsXenIJxqxR1v9o+xtKTGbS9H7cps+2Vxjc8B1j96p75NmTGjIhtpQ==}
    cpu: [x64]
    os: [darwin]

  '@img/sharp-libvips-linux-arm64@1.3.4':
    resolution: {integrity: sha512-Y3dgX/6lE2QhQb+Gxy0WZxfg9MEm/JBjamZpS2IklP7xIQoKN4hzAm7KcMVGtaVDt3neE9OKBC7vAfonA/Lr1A==}
    cpu: [arm64]
    os: [linux]
    libc: [glibc]

  '@img/sharp-libvips-linux-arm@1.3.4':
    resolution: {integrity: sha512-LmRtTsOHuvM2+wlO2Db37dx5MiZhB0FvSunciw48YjdOkZz9KAiRbm8ujeMOA1INqmei5NapFxYEK1D1ZSidmw==}
    cpu: [arm]
    os: [linux]
    libc: [glibc]

  '@img/sharp-libvips-linux-ppc64@1.3.4':
    resolution: {integrity: sha512-Le6boB8Tai0Nis+gIxIpKx68UDVVIqdR8Tin5Yf1z2LJJQLDJvCDRqRu+jC2qCoD+eIomonmOwB4smBRxfVpYQ==}
    cpu: [ppc64]
    os: [linux]
    libc: [glibc]

  '@img/sharp-libvips-linux-riscv64@1.3.4':
    resolution: {integrity: sha512-aHkkIEHPRdQEegJN20MLmGtxYD9R2wQr3Cwpddnu5+YKMt6Uzax7S9h5gpZTo8wyrGuZSlfQ63OevL5mTyOC7Q==}
    cpu: [riscv64]
    os: [linux]
    libc: [glibc]

  '@img/sharp-libvips-linux-s390x@1.3.4':
    resolution: {integrity: sha512-ra/mB6MikESDUO7Yg+Mi95bFBb9GsObURuhnOv3OqknjGe9sZrG8tCe9q0xSIGrtLgvgw0gKnFWcK4blSgQOuQ==}
    cpu: [s390x]
    os: [linux]
    libc: [glibc]

  '@img/sharp-libvips-linux-x64@1.3.4':
    resolution: {integrity: sha512-GJ//SSXbnwSDes02umB3nDJLFcQzw8a18V8fyhqr6tV515tOEMdImjjxj1AoafMRz56F3PHgftnj1QEKSU1zkw==}
    cpu: [x64]
    os: [linux]
    libc: [glibc]

  '@img/sharp-libvips-linuxmusl-arm64@1.3.4':
    resolution: {integrity: sha512-hvulFwtjUcagsis6BBxHwGFwWoNZjgYmULGVrZcyfNbjA8hKILbRxGg15/7w5HDyXHXUos/j6baAWqnCyQ2DWA==}
    cpu: [arm64]
    os: [linux]
    libc: [musl]

  '@img/sharp-libvips-linuxmusl-x64@1.3.4':
    resolution: {integrity: sha512-6zXKeE/p39I1AmA3cJG35eyBGNqNddLnUXjhwBnsGjFPWqf5VKkDBEqaEkPDoTEtkxwi2vv8Tcr2mDyP4So7Fg==}
    cpu: [x64]
    os: [linux]
    libc: [musl]

  '@img/sharp-linux-arm64@0.35.5':
    resolution: {integrity: sha512-LYVx5JTsOM2CBzmxreh+nl64/3H6Xb09iSLknqH47z2T2DFFxDeFLP5y4dJwe6H7uGQlHPyEEtIqyo3DYsRwdQ==}
    engines: {node: '>=20.9.0'}
    cpu: [arm64]
    os: [linux]
    libc: [glibc]

  '@img/sharp-linux-arm@0.35.5':
    resolution: {integrity: sha512-LEaXK2WdXVK5ykcw0buWyPMsmLLL2vpHLD6yrNSW+JGEL3BZPA4tpKN6iaMc4AxTTAoaX/sU1rOL51lcIz48ZQ==}
    engines: {node: '>=20.9.0'}
    cpu: [arm]
    os: [linux]
    libc: [glibc]

  '@img/sharp-linux-ppc64@0.35.5':
    resolution: {integrity: sha512-QVxAAq8evVRI9ia2vqgwrmWucn5Dfv+JdWzj75pD8omHLPSP7f8p20O8jxzjCcuCEQEOtYOZUmX1hkiZ0kdevA==}
    engines: {node: '>=20.9.0'}
    cpu: [ppc64]
    os: [linux]
    libc: [glibc]

  '@img/sharp-linux-riscv64@0.35.5':
    resolution: {integrity: sha512-LtdreXguaavKODPIfzJ4kffx7UNt1omwtK0rch4EBbbSTXPnxWmYSayXdLJw0fJzQ97kHt1gL/yh4tvU+nCyRQ==}
    engines: {node: '>=20.9.0'}
    cpu: [riscv64]
    os: [linux]
    libc: [glibc]

  '@img/sharp-linux-s390x@0.35.5':
    resolution: {integrity: sha512-UZasTOFiYzotTsGOCu42BfUzP6Tu6Do/947iRm1RsLKvlllxwGcn4RN27LibGWceix4Y+Pmw3jsnTcCQIgWjqA==}
    engines: {node: '>=20.9.0'}
    cpu: [s390x]
    os: [linux]
    libc: [glibc]

  '@img/sharp-linux-x64@0.35.5':
    resolution: {integrity: sha512-SxFtLTeJInhAA9Q836kux2vZNeOBQEx658qvbboZScr0wIARym3IcGmW7KpVD5sbVg0Ojy+udFQdayYIZyoNog==}
    engines: {node: '>=20.9.0'}
    cpu: [x64]
    os: [linux]
    libc: [glibc]

  '@img/sharp-linuxmusl-arm64@0.35.5':
    resolution: {integrity: sha512-9HbMclmI1zlNkFRs3z9/eBtDjfD0sGlrX1z6b1qwmiFY5ElDLh4BC0LPBdVp7z1DXFiKlIcznf+ZlsuZzLxQqg==}
    engines: {node: '>=20.9.0'}
    cpu: [arm64]
    os: [linux]
    libc: [musl]

  '@img/sharp-linuxmusl-x64@0.35.5':
    resolution: {integrity: sha512-4KOphqB035HrVdqLZfCgMzzERrQkkzOwRhl4OAkRO1YCldbaFjySXMaK534Mo0V+LndnlJk+sbUyLeU0ULyD1A==}
    engines: {node: '>=20.9.0'}
    cpu: [x64]
    os: [linux]
    libc: [musl]

  '@img/sharp-wasm32@0.35.5':
    resolution: {integrity: sha512-Ptsga1su4tQx+LLF1ECS9U6nz5kmrXKo6XVbtR48Ke3ZRxxgaWBu7IDtEe1quo8hiupwm6WFqxVlXaSf7IINGQ==}
    engines: {node: '>=20.9.0'}

  '@img/sharp-webcontainers-wasm32@0.35.5':
    resolution: {integrity: sha512-hfhF/FmoQyTUkA0bIKFOtw536BQSeBMe6BF6QyWlrPxT754+TFLaZ7sKKTfvvM0yJgKgaYTwnFCIZ/GuDw5SUA==}
    engines: {node: '>=20.9.0'}
    cpu: [wasm32]

  '@img/sharp-win32-arm64@0.35.5':
    resolution: {integrity: sha512-X4t7g+7ZA5DKblCBEXGjUqqemj4vczING/5viFwAL8h4N3qYeyjwdCvRLHi4EdOUI+2Z7UFlp1VM+p/AuEtm6Q==}
    engines: {node: '>=20.9.0'}
    cpu: [arm64]
    os: [win32]

  '@img/sharp-win32-ia32@0.35.5':
    resolution: {integrity: sha512-5Zm82LoBc43nhwNybZlG7Y1KO//Zhsn306fQl29ZOuStHLGTo3BWL83q3cznX0poxSAMuYL1On/BHBxkBeKr6A==}
    engines: {node: ^20.9.0}
    cpu: [ia32]
    os: [win32]

  '@img/sharp-win32-x64@0.35.5':
    resolution: {integrity: sha512-x76eH0vEiHlcMQu8Y8IenntaACtddpT6W0wmXtWrnKcnKI7ME5DdgqhAD6SEWOEl1v2zDvkZDhFA9KnURwpfqg==}
    engines: {node: '>=20.9.0'}
    cpu: [x64]
    os: [win32]

  '@next/env@16.3.8':
    resolution: {integrity: sha512-Al9zqHVV7TJv0eFuOU4U7Lvv74PTih4Ch63sk2xCIpSTkE3udFnaOcnzP2lQVymiL7yS9Cj2iClUXlR3EQ5sEw==}

  '@next/swc-darwin-arm64@16.3.8':
    resolution: {integrity: sha512-2JPRMh2nmQG5CiL7cXGL9AGwnPWJQ//cTtAUCT+w511QHk79SYz3LGv/pc5X643B/WEO0rvu3Yww0hqwt3kgeA==}
    engines: {node: '>= 10'}
    cpu: [arm64]
    os: [darwin]

  '@next/swc-darwin-x64@16.3.8':
    resolution: {integrity: sha512-GZtCCOBKJ4leVIT/Th0llWKhD1ca92lzbQiS5R5ON9QkoiFnilFsebDae1JU2a3HWoKMEmEZWGs1AGLavVM72Q==}
    engines: {node: '>= 10'}
    cpu: [x64]
    os: [darwin]

  '@next/swc-linux-arm64-gnu@16.3.8':
    resolution: {integrity: sha512-O659ygeQYqneJ1fBKMpFxIFqYkYswu8IAS1OCKK/4f3ZgJJm1dRz4fVJZRi/kLLWjnBKnebOePA4WNv+sV1pVA==}
    engines: {node: '>= 10'}
    cpu: [arm64]
    os: [linux]
    libc: [glibc]

  '@next/swc-linux-arm64-musl@16.3.8':
    resolution: {integrity: sha512-dSjKSyWpzxoO1d3DIZZcP4XJcNaKeLmxQMFOiYl5vuBRMmweIqnAhty8tAmRsvTss779cK1FtYnDMj40e4TQlg==}
    engines: {node: '>= 10'}
    cpu: [arm64]
    os: [linux]
    libc: [musl]

  '@next/swc-linux-x64-gnu@16.3.8':
    resolution: {integrity: sha512-lbqOuz3RPRcv+o9msNsJw5x4+Y1ZwPTs6vmL6DCf7i0fZfvng/F59wyeDwqHIvV0mK//RBy/jJkZ+nCKsSMXjQ==}
    engines: {node: '>= 10'}
    cpu: [x64]
    os: [linux]
    libc: [glibc]

  '@next/swc-linux-x64-musl@16.3.8':
    resolution: {integrity: sha512-+316WswI8ScVgZeUd+1KGaXkHhaYQzCjvH/05TZSpJ8zBizb1a4G7DtO7F12jcBIqMOtsz9ji1t48fmKtzqsGA==}
    engines: {node: '>= 10'}
    cpu: [x64]
    os: [linux]
    libc: [musl]

  '@next/swc-win32-arm64-msvc@16.3.8':
    resolution: {integrity: sha512-ji0gd4kMYUxO+1fJBIbiBVRCjzG/lloiyCccnlebvb1ZJ5qXCPZqYg4Jl1DrrixnWNMKylzgpmMWx0yNDYXlzw==}
    engines: {node: '>= 10'}
    cpu: [arm64]
    os: [win32]

  '@next/swc-win32-x64-msvc@16.3.8':
    resolution: {integrity: sha512-WcTlaKt/TWkh5kUjdJcUmB1XgZ+1c6fz4Y9fDHL73YNSdGaUWjceeWrrlwF0nv19iABYWC4iAq1oX1w4Bn0vfg==}
    engines: {node: '>= 10'}
    cpu: [x64]
    os: [win32]

  '@parcel/watcher-android-arm64@2.6.0':
    resolution: {integrity: sha512-trgpLSCKRC/huFjXX/Smh+0sWe4+YtKfktIToiMl59ghz7z+qkH6kMvNnUbLyRs9N11t8l4svSCs1+5B3rOAhA==}
    engines: {node: '>= 10.0.0'}
    cpu: [arm64]
    os: [android]

  '@parcel/watcher-darwin-arm64@2.6.0':
    resolution: {integrity: sha512-Y3QV0gl7Q1zbfueunkWIERICbEojQFCgpyG7YqOGNFLsckXyI1xu9mAIUpKY9QBYzBtSkN8dBPwd3yiAO9ovMw==}
    engines: {node: '>= 10.0.0'}
    cpu: [arm64]
    os: [darwin]

  '@parcel/watcher-darwin-x64@2.6.0':
    resolution: {integrity: sha512-Ohv6OpzhUfKYD7Beb8kDvG0jbIxORCYY1JRdZnaBtnjjkJxgD7ZVL0nw2sCYd0yTMKTvz3nnTnOF3cDifK+kvw==}
    engines: {node: '>= 10.0.0'}
    cpu: [x64]
    os: [darwin]

  '@parcel/watcher-freebsd-x64@2.6.0':
    resolution: {integrity: sha512-5HmXvDgs8VK+74jF9y9/2FE3/OnlcKmc56tjmSrEuZjpSZOGL+fvAu+HKJBdPs9uwoP2hE6TlSUpXZ/C5jUFmQ==}
    engines: {node: '>= 10.0.0'}
    cpu: [x64]
    os: [freebsd]

  '@parcel/watcher-linux-arm-glibc@2.6.0':
    resolution: {integrity: sha512-Ps/hui3A+vMbjdqlqAowK2ZL8+BO8dBjxeWXj6npTBs3jx4wWmbPpaLuqwrQrSqIVMCnpWo238bJ1U37GhQOYg==}
    engines: {node: '>= 10.0.0'}
    cpu: [arm]
    os: [linux]
    libc: [glibc]

  '@parcel/watcher-linux-arm-musl@2.6.0':
    resolution: {integrity: sha512-9c6AUHgHoG+IY88MRIHupztQiQnrbqHYQjkM2btA+Bf/wQnQMuiD0Wfk1EVv3TlNT3x41uU71rn6E4xh/+zvkw==}
    engines: {node: '>= 10.0.0'}
    cpu: [arm]
    os: [linux]
    libc: [musl]

  '@parcel/watcher-linux-arm64-glibc@2.6.0':
    resolution: {integrity: sha512-yHRqS2owEXe6Hic9z6Mh1ECsCd+ODVOGvZDyciqRd21+v+o+DnXMOrw50DSpIG2sb8GPEaPPmfeCAWKPJdq46g==}
    engines: {node: '>= 10.0.0'}
    cpu: [arm64]
    os: [linux]
    libc: [glibc]

  '@parcel/watcher-linux-arm64-musl@2.6.0':
    resolution: {integrity: sha512-WhB2e/V7rqdHHWZusBSPuy5Ei8S6lSz6FE5TKKQz5h3a0O+C+mhY7vxU9b/stqvMb8beLnPY82ZrFTLKs+SrKA==}
    engines: {node: '>= 10.0.0'}
    cpu: [arm64]
    os: [linux]
    libc: [musl]

  '@parcel/watcher-linux-x64-glibc@2.6.0':
    resolution: {integrity: sha512-ulGE6x6Oz6iAwg75T8YQSoguBWasniIbX+QWpaYPcCnDOpdWX3k+4xbEYPZVLxOuoJI+svJJPD3sEj8G7lrQ3A==}
    engines: {node: '>= 10.0.0'}
    cpu: [x64]
    os: [linux]
    libc: [glibc]

  '@parcel/watcher-linux-x64-musl@2.6.0':
    resolution: {integrity: sha512-tkBYKt7YQrjIJWYDnto2YgO8MRkjlMTSNoRHzsXinBqbLdeOM3L32wPZJvIZxqaLMfSlS/4sUjH/6STVP/XDLw==}
    engines: {node: '>= 10.0.0'}
    cpu: [x64]
    os: [linux]
    libc: [musl]

  '@parcel/watcher-win32-arm64@2.6.0':
    resolution: {integrity: sha512-gIZAP23jaHjGWasY/TY6yL7NHFClf0Ga7FN+iINvk+KN94rhm94lYZhFsbYFNcA04/onvGD9kKmiJLJB2HbNwQ==}
    engines: {node: '>= 10.0.0'}
    cpu: [arm64]
    os: [win32]

  '@parcel/watcher-win32-x64@2.6.0':
    resolution: {integrity: sha512-cA+/pXV2YkfxlIcXOQ5fSWqAzzPyD78/x5qbK/I0vUkrlYHA8TIz+MXjAbGouguKVSI4bOmkTSJ1/poVSsgt+A==}
    engines: {node: '>= 10.0.0'}
    cpu: [x64]
    os: [win32]

  '@parcel/watcher@2.6.0':
    resolution: {integrity: sha512-7FNeNl8NCE7aINx7WXiKQrPYZWC/hvrTsmk6zmxbI7LTXE7hVek/n8AfVgpe2y82zl3w0HvCHN0bVKMBoJcC0w==}
    engines: {node: '>= 10.0.0'}

  '@schummar/icu-type-parser@1.21.5':
    resolution: {integrity: sha512-bXHSaW5jRTmke9Vd0h5P7BtWZG9Znqb8gSDxZnxaGSJnGwPLDPfS+3g0BKzeWqzgZPsIVZkM7m2tbo18cm5HBw==}

  '@swc/core-darwin-arm64@1.16.1':
    resolution: {integrity: sha512-zlJblJ8ncErD43lKdxjbUaUskJQf+LxiPXYcWXD8/8ZMV+7uuAT+CwjciLXpyZBd5Pq/S726bMpeeAwSeL1hhg==}
    engines: {node: '>=10'}
    cpu: [arm64]
    os: [darwin]

  '@swc/core-darwin-x64@1.16.1':
    resolution: {integrity: sha512-IN0BmPWb0YAh/17mmlWB/HDBtTw2MfuW4hulf/tQAgTQBRH17l+z499bNJLK6LizSjqs0P7V+jU38Zj+vJC1DA==}
    engines: {node: '>=10'}
    cpu: [x64]
    os: [darwin]

  '@swc/core-linux-arm-gnueabihf@1.16.1':
    resolution: {integrity: sha512-EYgrx2YOCQ2Twz2S793kqNjPkpvYVUPzzR95bIb7by+VQcyaai4lZZ2iz/tZvcFVKSNcN3/JTKwx+aBn2ZL52A==}
    engines: {node: '>=10'}
    cpu: [arm]
    os: [linux]

  '@swc/core-linux-arm64-gnu@1.16.1':
    resolution: {integrity: sha512-moyKm0YZlHdHohzm1YwgAyesqnE853rO0REMfJLFAova51wF9BNi+3ZW2PeS7Vqvn6HeJuepLpAHbBdZctxpHA==}
    engines: {node: '>=10'}
    cpu: [arm64]
    os: [linux]
    libc: [glibc]

  '@swc/core-linux-arm64-musl@1.16.1':
    resolution: {integrity: sha512-kKGBO9wdapiSzuf5ZzZ2fYtlu1BNSYtIIUxvH1ir/gcelTOREEHGDCLTDFx/2Knf878nU11A40z7LxwasEFxqA==}
    engines: {node: '>=10'}
    cpu: [arm64]
    os: [linux]
    libc: [musl]

  '@swc/core-linux-ppc64-gnu@1.16.1':
    resolution: {integrity: sha512-nZ6qahtLxC3PM54cWOQZHxt4lTCF/3J4LIoWWzz6v7A+rLs8Dx54anYQf7mH3eIi8KlNpgKci/ie8ZSqFN8O7A==}
    engines: {node: '>=10'}
    cpu: [ppc64]
    os: [linux]
    libc: [glibc]

  '@swc/core-linux-s390x-gnu@1.16.1':
    resolution: {integrity: sha512-4ji5PNzhYq193Z4/4xUaSoNJza6iCkDJSzhetrbB6KOYxsr+kxtQr8ePWhMJUiMt6JUWtXaZ1PYT8FhtED+nGA==}
    engines: {node: '>=10'}
    cpu: [s390x]
    os: [linux]
    libc: [glibc]

  '@swc/core-linux-x64-gnu@1.16.1':
    resolution: {integrity: sha512-VJQxqrisHV+B394IgrOu8YsIIXZgffnf5tO+yc9Z/hoUpuZEvuQTjWwlnpZdpyD+0nx6LTD1/3k646JYm43yJA==}
    engines: {node: '>=10'}
    cpu: [x64]
    os: [linux]
    libc: [glibc]

  '@swc/core-linux-x64-musl@1.16.1':
    resolution: {integrity: sha512-r9oV1mwxxsIGcLV1IQ/tw76MW3doatKze1QFWuC+a7QqJUkhY/bKTSVk6NpKKUGm2LDsE33Va8VqSClfA7vSiQ==}
    engines: {node: '>=10'}
    cpu: [x64]
    os: [linux]
    libc: [musl]

  '@swc/core-win32-arm64-msvc@1.16.1':
    resolution: {integrity: sha512-6huNRessoBLxWEqBm5zJXyCQ27TO7anvkdiuQ5MDO4CJni0nOXEqKtV9RllQ2TdyENKKsUMXVnIfW2hIXx/R5Q==}
    engines: {node: '>=10'}
    cpu: [arm64]
    os: [win32]

  '@swc/core-win32-ia32-msvc@1.16.1':
    resolution: {integrity: sha512-OVKJFUzphrGmsh+BGtcZDesx0YryV7/Yvy5XGgTqnrZfjnyfcr5uaqYQugCckdIlupc5Vs3XtDjRAj12z4ZPlw==}
    engines: {node: '>=10'}
    cpu: [ia32]
    os: [win32]

  '@swc/core-win32-x64-msvc@1.16.1':
    resolution: {integrity: sha512-Bt+VIhWYCGk4urklnkkteLUOeLv1VxigwTCeB/xC6rBZxY6IIKdDwCJf6on3E3SUGsIqmQS6QqtuJQc1VxF4Aw==}
    engines: {node: '>=10'}
    cpu: [x64]
    os: [win32]

  '@swc/core@1.16.1':
    resolution: {integrity: sha512-nUaeu91O5QZKrQdaDCHd402ogUIoNOOjpkZNq0UomWK0G6gDaGmLhvddF1/3BXf5O8aLyo6ZPY/aMDWvaJQ/hg==}
    engines: {node: '>=10'}
    peerDependencies:
      '@swc/helpers': '>=0.5.17'
    peerDependenciesMeta:
      '@swc/helpers':
        optional: true

  '@swc/counter@0.1.3':
    resolution: {integrity: sha512-e2BR4lsJkkRlKZ/qCHPw9ZaSxc0MVUd7gtbtaB7aMvHeJVYe8sOB8DBZkP2DtISHGSku9sCK6T6cnY0CtXrOCQ==}

  '@swc/helpers@0.5.23':
    resolution: {integrity: sha512-5lSsMOTXURePglDfvuAQUqkGek9Hg2kksOYay2m0+XR++b2NWYL/4sWyuvVBIs8oKnJaxkdi9whaL/sqN13afw==}

  '@swc/types@0.1.28':
    resolution: {integrity: sha512-V6Mnml8v09QALx6K0elJ7o9K/MkVDtW3t6L+7Ou/JcWtb3xwId2AH4FeOceySd2JaO87IMw4+6vSZxLm34LPbw==}

  '@types/node@20.19.43':
    resolution: {integrity: sha512-6oYBAi5ikg4Pl+kGsoYtawUMBT2zZMCvPNF7pVLnHZfd1zf38DRiWn/gT01RYCdUqkv7Fhr+C9ot4/tb+2sVvA==}

  '@types/react-dom@19.2.3':
    resolution: {integrity: sha512-jp2L/eY6fn+KgVVQAOqYItbF0VY/YApe5Mz2F0aykSO8gx31bYCZyvSeYxCHKvzHG5eZjc+zyaS5BrBWya2+kQ==}
    peerDependencies:
      '@types/react': ^19.2.0

  '@types/react@19.2.14':
    resolution: {integrity: sha512-ilcTH/UniCkMdtexkoCN0bI7pMcJDvmQFPvuPvmEaYA/NSfFTAgdUSLAoVjaRJm7+6PvcM+q1zYOwS4wTYMF9w==}

  baseline-browser-mapping@2.11.20:
    resolution: {integrity: sha512-H0ulySigv6icDJ1F7SjtdCD6PrhTpdYCmP0CactWy1+ekh0AFd0o1Wn5T8b+hnTmdBx19u9yhL6wvCylXMY7zw==}
    engines: {node: '>=6.0.0'}
    hasBin: true

  caniuse-lite@1.0.30001810:
    resolution: {integrity: sha512-TITQPUkaz+aVk5GL6NhOdwk1aEaNTSDPsGFWrTuhKGtjTF70jL/Oht2W4c6rXUe5fu7Ie19VIahAXHIIiWWNeg==}

  client-only@0.0.1:
    resolution: {integrity: sha512-IV3Ou0jSMzZrd3pZ48nLkT9DA7Ag1pnPzaiQhpW7c3RbcqqzvzzVu+L8gfqMp/8IM2MQtSiqaCxrrcfu8I8rMA==}

  content-type@2.1.0:
    resolution: {integrity: sha512-mj7UPXE0jaqaOsukNZRUEfEi2AcL7C/vwmwcHV0O97eO1E1pxBZuyjlZrx5seTaNBg1U6+o35wpa35Qfcc+7ag==}
    engines: {node: '>=18'}

  csstype@3.2.3:
    resolution: {integrity: sha512-z1HGKcYy2xA8AGQfwrn0PAy+PB7X/GSj3UVJW9qKyn43xWa+gl5nXmU4qqLMRzWVLFC8KusUX8T/0kCiOYpAIQ==}

  dequal@2.0.3:
    resolution: {integrity: sha512-0je+qPKHEMohvfRTCEo3CrPG6cAzAYgmzKyxRiYSSDkS6eGJdyVJm7WaYA5ECaAD9wLB2T4EEeymA5aFVcYXCA==}
    engines: {node: '>=6'}

  detect-libc@2.1.2:
    resolution: {integrity: sha512-Btj2BOOO83o3WyH59e8MgXsxEQVcarkUOpEYrubB0urwnN10yQ364rsiByU11nZlqWYZm05i/of7io4mzihBtQ==}
    engines: {node: '>=8'}

  icu-minify@4.14.1:
    resolution: {integrity: sha512-I8lz1epVvPmTSCfElYrOVZPMlxXYO6u/HDAd8bAksU0WmL8774lqg/h4PSHIisEYbqYcxXGU2y5b5sbhzCIi0A==}

  intl-messageformat@11.2.14:
    resolution: {integrity: sha512-9f2VD1HFuxUvMw0RxsaP8WmMns6JRTnsNB/zghTFrp11ZktiXWwVDeZBPQchBKEmo+Gx/ZhxI7Qht7YglFD4PA==}

  is-extglob@2.1.1:
    resolution: {integrity: sha512-SbKbANkN603Vi4jEZv49LeVJMn4yGwsbzZworEoyEiutsN3nJYdbO36zfhGJ6QEDpOZIFkDtnq5JRxmvl3jsoQ==}
    engines: {node: '>=0.10.0'}

  is-glob@4.0.3:
    resolution: {integrity: sha512-xelSayHH36ZgE7ZWhli7pW34hNbNl8Ojv5KVmkJD4hBdD3th8Tfk9vYasLM+mXWOZhFkgZfxhLSnrwRr4elSSg==}
    engines: {node: '>=0.10.0'}

  nanoid@3.3.18:
    resolution: {integrity: sha512-DTg4MJbGMWkfi6VZFdNt2/caMbQy4Ou+Op/hJQvGEWcnVfoA1QA+xzRKAzw9jD6+GVOOeYr/mIcuDSdug6F6+w==}
    engines: {node: ^10 || ^12 || ^13.7 || ^14 || >=15.0.1}
    hasBin: true

  negotiator@1.1.0:
    resolution: {integrity: sha512-NMPBRMJgiQHjbd8phG3Vebdx4kZ1H121rbl5IkMqeOsahptB9BKo/d7oJ3zTXqTgagn2bWlNSXkh0QUGM31RYg==}
    engines: {node: '>=18'}

  next-intl-swc-plugin-extractor@4.14.1:
    resolution: {integrity: sha512-ixZCS/z1Nx0sto4rWFfoCqahzqXjdhVuQzYrITVwXsrVzYi1ZKrWP8evoXTB5+F+j9FpLQIMIYB6gp3k+zePWA==}

  next-intl@4.14.1:
    resolution: {integrity: sha512-7o7ZyYIWoB0w87n13sezA8r1uLH0ipZCGrMHFKVhwFnwUI1/tym04P/T5NiyULaXUQ276m60xsmInE+HnfAq3A==}
    peerDependencies:
      next: ^12.0.0 || ^13.0.0 || ^14.0.0 || ^15.0.0 || ^16.0.0
      react: ^16.8.0 || ^17.0.0 || ^18.0.0 || >=19.0.0-rc <19.0.0 || ^19.0.0

  next@16.3.8:
    resolution: {integrity: sha512-U7QEZaTini6wKrb8A8hqLLqYQyCetegKjCpJOyxk642vWoMoU1x5PyZCJFvgYgiptA8xc5j/9xYlZFO7w9Sjmw==}
    engines: {node: '>=20.9.0'}
    hasBin: true
    peerDependencies:
      '@opentelemetry/api': ^1.1.0
      '@playwright/test': ^1.51.1
      babel-plugin-react-compiler: '*'
      react: ^18.2.0 || 19.0.0-rc-de68d2f4-20241204 || ^19.0.0
      react-dom: ^18.2.0 || 19.0.0-rc-de68d2f4-20241204 || ^19.0.0
      sass: ^1.3.0
    peerDependenciesMeta:
      '@opentelemetry/api':
        optional: true
      '@playwright/test':
        optional: true
      babel-plugin-react-compiler:
        optional: true
      sass:
        optional: true

  node-addon-api@7.1.1:
    resolution: {integrity: sha512-5m3bsyrjFWE1xf7nz7YXdN4udnVtXK6/Yfgn5qnahL6bCkf2yKt4k3nuTKAtT4r3IG8JNR2ncsIMdZuAzJjHQQ==}

  picocolors@1.1.1:
    resolution: {integrity: sha512-xceH2snhtb5M9liqDsmEw56le376mTZkEX/jEb/RxNFyegNul7eNslCXP9FDj/Lcu0X8KEyMceP2ntpaHrDEVA==}

  picomatch@4.0.7:
    resolution: {integrity: sha512-qcJu88Q2IWqJsDD529JKMdwGm/dvInW4HvQnRwiH9JtihJvzGOscDtHE3x1pBKeUOTysQ8kVmLnJ2kJu7yhcGA==}
    engines: {node: '>=12'}

  po-parser@2.2.0:
    resolution: {integrity: sha512-NdTrKgh0oO7+y+RFX8KKhOB438x/j94UGXEFzl/7pHH0JjWSn42iJ9tgmPksIO6n1JKDHmNDcejPJfKspljB9g==}

  postcss@8.5.23:
    resolution: {integrity: sha512-g50586zr4bZmwFiTlflMu8E0bDTb5I5gertgwAKmsdUlTQIhZtunzUlD1WSzwcVWPoAVpsrA6vlfCD7oXvRwgg==}
    engines: {node: ^10 || ^12 || >=14}

  react-dom@19.2.4:
    resolution: {integrity: sha512-AXJdLo8kgMbimY95O2aKQqsz2iWi9jMgKJhRBAxECE4IFxfcazB2LmzloIoibJI3C12IlY20+KFaLv+71bUJeQ==}
    peerDependencies:
      react: ^19.2.4

  react@19.2.4:
    resolution: {integrity: sha512-9nfp2hYpCwOjAN+8TZFGhtWEwgvWHXqESH8qT89AT/lWklpLON22Lc8pEtnpsZz7VmawabSU0gCjnj8aC0euHQ==}
    engines: {node: '>=0.10.0'}

  scheduler@0.27.0:
    resolution: {integrity: sha512-eNv+WrVbKu1f3vbYJT/xtiF5syA5HPIMtf9IgY/nKg0sWqzAUEvqY/xm7OcZc/qafLx/iO9FgOmeSAp4v5ti/Q==}

  semver@7.8.5:
    resolution: {integrity: sha512-Y7/KDsb8LjooZpwaqGyulO6DQlksgCncchHGk+sZIY4SBvUocMBEFH5Ur1fI4dV+Jvl0w6cjvucaIi40puRioA==}
    engines: {node: '>=10'}
    hasBin: true

  sharp@0.35.5:
    resolution: {integrity: sha512-Ywn4OnzGukp7CDMrp08RQ50YKmuwG47brZgIVPTvBaaAfQlRlygrRqSrxdCiL9M+LlzLBiJ68IR1QqvzHyjC7g==}
    engines: {node: '>=20.9.0'}
    peerDependencies:
      '@types/node': '*'
    peerDependenciesMeta:
      '@types/node':
        optional: true

  source-map-js@1.2.1:
    resolution: {integrity: sha512-UXWMKhLOwVKb728IUtQPXxfYU+usdybtUrK/8uGE8CQMvrhOpwvzDBwj0QhSL7MQc7vIsISBG8VQ8+IDQxpfQA==}
    engines: {node: '>=0.10.0'}

  styled-jsx@5.1.6:
    resolution: {integrity: sha512-qSVyDTeMotdvQYoHWLNGwRFJHC+i+ZvdBRYosOFgC+Wg1vx4frN2/RG/NA7SYqqvKNLf39P2LSRA2pu6n0XYZA==}
    engines: {node: '>= 12.0.0'}
    peerDependencies:
      '@babel/core': '*'
      babel-plugin-macros: '*'
      react: '>= 16.8.0 || 17.x.x || ^18.0.0-0 || ^19.0.0-0'
    peerDependenciesMeta:
      '@babel/core':
        optional: true
      babel-plugin-macros:
        optional: true

  swr@2.5.1:
    resolution: {integrity: sha512-BRw55e8r0B7SpDN20CAzoQAHl7y1yP7/Zt7oqUjMv0vSt2u2Xnkm88Ws+VypbV9BXHQVuSuyVq7zMjO16wSExw==}
    peerDependencies:
      react: ^16.11.0 || ^17.0.0 || ^18.0.0 || ^19.0.0

  tslib@2.8.1:
    resolution: {integrity: sha512-oJFu94HQb+KVduSUQL7wnpmqnfmLsOA/nAh6b6EH0wCEoK0/mPeXU6c3wKDV83MkOuHPRHtSXKKU99IBazS/2w==}

  typescript@5.9.3:
    resolution: {integrity: sha512-jl1vZzPDinLr9eUt3J/t7V6FgNEw9QjvBPdysz9KfQDD41fQrC2Y4vKQdiaUpFT4bXlb1RHhLpp8wtm6M5TgSw==}
    engines: {node: '>=14.17'}
    hasBin: true

  undici-types@6.21.0:
    resolution: {integrity: sha512-iwDZqg0QAGrg9Rav5H4n0M64c3mkR59cJ6wQp+7C4nI0gsmExaedaYLNO44eT4AtBBwjbTiGPMlt2Md0T9H9JQ==}

  use-intl@4.14.1:
    resolution: {integrity: sha512-p6Ggq6AZJDJQpjj4WEjByfid1IEifH7OYpL283y29dzVT2M6vbMoHmYA9KQ/L1A9jHED8uzCNvWic0mJ23kU5A==}
    peerDependencies:
      react: ^17.0.0 || ^18.0.0 || >=19.0.0-rc <19.0.0 || ^19.0.0

  use-sync-external-store@1.6.0:
    resolution: {integrity: sha512-Pp6GSwGP/NrPIrxVFAIkOQeyw8lFenOHijQWkUTrDvrF4ALqylP2C/KCkeS9dpUM3KvYRQhna5vt7IL95+ZQ9w==}
    peerDependencies:
      react: ^16.8.0 || ^17.0.0 || ^18.0.0 || ^19.0.0

snapshots:

  '@eloqnt/config@0.0.2': {}

  '@eloqnt/format-json@0.0.3':
    dependencies:
      '@eloqnt/config': 0.0.2

  '@eloqnt/format-po@0.0.3':
    dependencies:
      '@eloqnt/config': 0.0.2
      po-parser: 2.2.0

  '@emnapi/runtime@1.11.3':
    dependencies:
      tslib: 2.8.1
    optional: true

  '@formatjs/fast-memoize@3.1.7': {}

  '@formatjs/icu-messageformat-parser@3.5.17':
    dependencies:
      '@formatjs/icu-skeleton-parser': 2.1.11

  '@formatjs/icu-skeleton-parser@2.1.11': {}

  '@formatjs/intl-localematcher@0.8.13':
    dependencies:
      '@formatjs/fast-memoize': 3.1.7

  '@img/colour@1.1.0':
    optional: true

  '@img/sharp-darwin-arm64@0.35.5':
    optionalDependencies:
      '@img/sharp-libvips-darwin-arm64': 1.3.4
    optional: true

  '@img/sharp-darwin-x64@0.35.5':
    optionalDependencies:
      '@img/sharp-libvips-darwin-x64': 1.3.4
    optional: true

  '@img/sharp-freebsd-wasm32@0.35.5':
    dependencies:
      '@img/sharp-wasm32': 0.35.5
    optional: true

  '@img/sharp-libvips-darwin-arm64@1.3.4':
    optional: true

  '@img/sharp-libvips-darwin-x64@1.3.4':
    optional: true

  '@img/sharp-libvips-linux-arm64@1.3.4':
    optional: true

  '@img/sharp-libvips-linux-arm@1.3.4':
    optional: true

  '@img/sharp-libvips-linux-ppc64@1.3.4':
    optional: true

  '@img/sharp-libvips-linux-riscv64@1.3.4':
    optional: true

  '@img/sharp-libvips-linux-s390x@1.3.4':
    optional: true

  '@img/sharp-libvips-linux-x64@1.3.4':
    optional: true

  '@img/sharp-libvips-linuxmusl-arm64@1.3.4':
    optional: true

  '@img/sharp-libvips-linuxmusl-x64@1.3.4':
    optional: true

  '@img/sharp-linux-arm64@0.35.5':
    optionalDependencies:
      '@img/sharp-libvips-linux-arm64': 1.3.4
    optional: true

  '@img/sharp-linux-arm@0.35.5':
    optionalDependencies:
      '@img/sharp-libvips-linux-arm': 1.3.4
    optional: true

  '@img/sharp-linux-ppc64@0.35.5':
    optionalDependencies:
      '@img/sharp-libvips-linux-ppc64': 1.3.4
    optional: true

  '@img/sharp-linux-riscv64@0.35.5':
    optionalDependencies:
      '@img/sharp-libvips-linux-riscv64': 1.3.4
    optional: true

  '@img/sharp-linux-s390x@0.35.5':
    optionalDependencies:
      '@img/sharp-libvips-linux-s390x': 1.3.4
    optional: true

  '@img/sharp-linux-x64@0.35.5':
    optionalDependencies:
      '@img/sharp-libvips-linux-x64': 1.3.4
    optional: true

  '@img/sharp-linuxmusl-arm64@0.35.5':
    optionalDependencies:
      '@img/sharp-libvips-linuxmusl-arm64': 1.3.4
    optional: true

  '@img/sharp-linuxmusl-x64@0.35.5':
    optionalDependencies:
      '@img/sharp-libvips-linuxmusl-x64': 1.3.4
    optional: true

  '@img/sharp-wasm32@0.35.5':
    dependencies:
      '@emnapi/runtime': 1.11.3
    optional: true

  '@img/sharp-webcontainers-wasm32@0.35.5':
    dependencies:
      '@img/sharp-wasm32': 0.35.5
    optional: true

  '@img/sharp-win32-arm64@0.35.5':
    optional: true

  '@img/sharp-win32-ia32@0.35.5':
    optional: true

  '@img/sharp-win32-x64@0.35.5':
    optional: true

  '@next/env@16.3.8': {}

  '@next/swc-darwin-arm64@16.3.8':
    optional: true

  '@next/swc-darwin-x64@16.3.8':
    optional: true

  '@next/swc-linux-arm64-gnu@16.3.8':
    optional: true

  '@next/swc-linux-arm64-musl@16.3.8':
    optional: true

  '@next/swc-linux-x64-gnu@16.3.8':
    optional: true

  '@next/swc-linux-x64-musl@16.3.8':
    optional: true

  '@next/swc-win32-arm64-msvc@16.3.8':
    optional: true

  '@next/swc-win32-x64-msvc@16.3.8':
    optional: true

  '@parcel/watcher-android-arm64@2.6.0':
    optional: true

  '@parcel/watcher-darwin-arm64@2.6.0':
    optional: true

  '@parcel/watcher-darwin-x64@2.6.0':
    optional: true

  '@parcel/watcher-freebsd-x64@2.6.0':
    optional: true

  '@parcel/watcher-linux-arm-glibc@2.6.0':
    optional: true

  '@parcel/watcher-linux-arm-musl@2.6.0':
    optional: true

  '@parcel/watcher-linux-arm64-glibc@2.6.0':
    optional: true

  '@parcel/watcher-linux-arm64-musl@2.6.0':
    optional: true

  '@parcel/watcher-linux-x64-glibc@2.6.0':
    optional: true

  '@parcel/watcher-linux-x64-musl@2.6.0':
    optional: true

  '@parcel/watcher-win32-arm64@2.6.0':
    optional: true

  '@parcel/watcher-win32-x64@2.6.0':
    optional: true

  '@parcel/watcher@2.6.0':
    dependencies:
      detect-libc: 2.1.2
      is-glob: 4.0.3
      node-addon-api: 7.1.1
      picomatch: 4.0.7
    optionalDependencies:
      '@parcel/watcher-android-arm64': 2.6.0
      '@parcel/watcher-darwin-arm64': 2.6.0
      '@parcel/watcher-darwin-x64': 2.6.0
      '@parcel/watcher-freebsd-x64': 2.6.0
      '@parcel/watcher-linux-arm-glibc': 2.6.0
      '@parcel/watcher-linux-arm-musl': 2.6.0
      '@parcel/watcher-linux-arm64-glibc': 2.6.0
      '@parcel/watcher-linux-arm64-musl': 2.6.0
      '@parcel/watcher-linux-x64-glibc': 2.6.0
      '@parcel/watcher-linux-x64-musl': 2.6.0
      '@parcel/watcher-win32-arm64': 2.6.0
      '@parcel/watcher-win32-x64': 2.6.0

  '@schummar/icu-type-parser@1.21.5': {}

  '@swc/core-darwin-arm64@1.16.1':
    optional: true

  '@swc/core-darwin-x64@1.16.1':
    optional: true

  '@swc/core-linux-arm-gnueabihf@1.16.1':
    optional: true

  '@swc/core-linux-arm64-gnu@1.16.1':
    optional: true

  '@swc/core-linux-arm64-musl@1.16.1':
    optional: true

  '@swc/core-linux-ppc64-gnu@1.16.1':
    optional: true

  '@swc/core-linux-s390x-gnu@1.16.1':
    optional: true

  '@swc/core-linux-x64-gnu@1.16.1':
    optional: true

  '@swc/core-linux-x64-musl@1.16.1':
    optional: true

  '@swc/core-win32-arm64-msvc@1.16.1':
    optional: true

  '@swc/core-win32-ia32-msvc@1.16.1':
    optional: true

  '@swc/core-win32-x64-msvc@1.16.1':
    optional: true

  '@swc/core@1.16.1(@swc/helpers@0.5.23)':
    dependencies:
      '@swc/counter': 0.1.3
      '@swc/types': 0.1.28
    optionalDependencies:
      '@swc/core-darwin-arm64': 1.16.1
      '@swc/core-darwin-x64': 1.16.1
      '@swc/core-linux-arm-gnueabihf': 1.16.1
      '@swc/core-linux-arm64-gnu': 1.16.1
      '@swc/core-linux-arm64-musl': 1.16.1
      '@swc/core-linux-ppc64-gnu': 1.16.1
      '@swc/core-linux-s390x-gnu': 1.16.1
      '@swc/core-linux-x64-gnu': 1.16.1
      '@swc/core-linux-x64-musl': 1.16.1
      '@swc/core-win32-arm64-msvc': 1.16.1
      '@swc/core-win32-ia32-msvc': 1.16.1
      '@swc/core-win32-x64-msvc': 1.16.1
      '@swc/helpers': 0.5.23

  '@swc/counter@0.1.3': {}

  '@swc/helpers@0.5.23':
    dependencies:
      tslib: 2.8.1

  '@swc/types@0.1.28':
    dependencies:
      '@swc/counter': 0.1.3

  '@types/node@20.19.43':
    dependencies:
      undici-types: 6.21.0

  '@types/react-dom@19.2.3(@types/react@19.2.14)':
    dependencies:
      '@types/react': 19.2.14

  '@types/react@19.2.14':
    dependencies:
      csstype: 3.2.3

  baseline-browser-mapping@2.11.20: {}

  caniuse-lite@1.0.30001810: {}

  client-only@0.0.1: {}

  content-type@2.1.0: {}

  csstype@3.2.3: {}

  dequal@2.0.3: {}

  detect-libc@2.1.2: {}

  icu-minify@4.14.1:
    dependencies:
      '@formatjs/icu-messageformat-parser': 3.5.17

  intl-messageformat@11.2.14:
    dependencies:
      '@formatjs/fast-memoize': 3.1.7
      '@formatjs/icu-messageformat-parser': 3.5.17

  is-extglob@2.1.1: {}

  is-glob@4.0.3:
    dependencies:
      is-extglob: 2.1.1

  nanoid@3.3.18: {}

  negotiator@1.1.0:
    dependencies:
      content-type: 2.1.0

  next-intl-swc-plugin-extractor@4.14.1: {}

  next-intl@4.14.1(@swc/helpers@0.5.23)(next@16.3.8(@types/node@20.19.43)(react-dom@19.2.4(react@19.2.4))(react@19.2.4))(react@19.2.4):
    dependencies:
      '@eloqnt/config': 0.0.2
      '@eloqnt/format-json': 0.0.3
      '@eloqnt/format-po': 0.0.3
      '@formatjs/intl-localematcher': 0.8.13
      '@parcel/watcher': 2.6.0
      '@swc/core': 1.16.1(@swc/helpers@0.5.23)
      icu-minify: 4.14.1
      negotiator: 1.1.0
      next: 16.3.8(@types/node@20.19.43)(react-dom@19.2.4(react@19.2.4))(react@19.2.4)
      next-intl-swc-plugin-extractor: 4.14.1
      react: 19.2.4
      use-intl: 4.14.1(react@19.2.4)
    transitivePeerDependencies:
      - '@swc/helpers'

  next@16.3.8(@types/node@20.19.43)(react-dom@19.2.4(react@19.2.4))(react@19.2.4):
    dependencies:
      '@next/env': 16.3.8
      '@swc/helpers': 0.5.23
      baseline-browser-mapping: 2.11.20
      caniuse-lite: 1.0.30001810
      postcss: 8.5.23
      react: 19.2.4
      react-dom: 19.2.4(react@19.2.4)
      styled-jsx: 5.1.6(react@19.2.4)
    optionalDependencies:
      '@next/swc-darwin-arm64': 16.3.8
      '@next/swc-darwin-x64': 16.3.8
      '@next/swc-linux-arm64-gnu': 16.3.8
      '@next/swc-linux-arm64-musl': 16.3.8
      '@next/swc-linux-x64-gnu': 16.3.8
      '@next/swc-linux-x64-musl': 16.3.8
      '@next/swc-win32-arm64-msvc': 16.3.8
      '@next/swc-win32-x64-msvc': 16.3.8
      sharp: 0.35.5(@types/node@20.19.43)
    transitivePeerDependencies:
      - '@babel/core'
      - '@types/node'
      - babel-plugin-macros

  node-addon-api@7.1.1: {}

  picocolors@1.1.1: {}

  picomatch@4.0.7: {}

  po-parser@2.2.0: {}

  postcss@8.5.23:
    dependencies:
      nanoid: 3.3.18
      picocolors: 1.1.1
      source-map-js: 1.2.1

  react-dom@19.2.4(react@19.2.4):
    dependencies:
      react: 19.2.4
      scheduler: 0.27.0

  react@19.2.4: {}

  scheduler@0.27.0: {}

  semver@7.8.5:
    optional: true

  sharp@0.35.5(@types/node@20.19.43):
    dependencies:
      '@img/colour': 1.1.0
      detect-libc: 2.1.2
      semver: 7.8.5
    optionalDependencies:
      '@img/sharp-darwin-arm64': 0.35.5
      '@img/sharp-darwin-x64': 0.35.5
      '@img/sharp-freebsd-wasm32': 0.35.5
      '@img/sharp-libvips-darwin-arm64': 1.3.4
      '@img/sharp-libvips-darwin-x64': 1.3.4
      '@img/sharp-libvips-linux-arm': 1.3.4
      '@img/sharp-libvips-linux-arm64': 1.3.4
      '@img/sharp-libvips-linux-ppc64': 1.3.4
      '@img/sharp-libvips-linux-riscv64': 1.3.4
      '@img/sharp-libvips-linux-s390x': 1.3.4
      '@img/sharp-libvips-linux-x64': 1.3.4
      '@img/sharp-libvips-linuxmusl-arm64': 1.3.4
      '@img/sharp-libvips-linuxmusl-x64': 1.3.4
      '@img/sharp-linux-arm': 0.35.5
      '@img/sharp-linux-arm64': 0.35.5
      '@img/sharp-linux-ppc64': 0.35.5
      '@img/sharp-linux-riscv64': 0.35.5
      '@img/sharp-linux-s390x': 0.35.5
      '@img/sharp-linux-x64': 0.35.5
      '@img/sharp-linuxmusl-arm64': 0.35.5
      '@img/sharp-linuxmusl-x64': 0.35.5
      '@img/sharp-webcontainers-wasm32': 0.35.5
      '@img/sharp-win32-arm64': 0.35.5
      '@img/sharp-win32-ia32': 0.35.5
      '@img/sharp-win32-x64': 0.35.5
      '@types/node': 20.19.43
    optional: true

  source-map-js@1.2.1: {}

  styled-jsx@5.1.6(react@19.2.4):
    dependencies:
      client-only: 0.0.1
      react: 19.2.4

  swr@2.5.1(react@19.2.4):
    dependencies:
      dequal: 2.0.3
      react: 19.2.4
      use-sync-external-store: 1.6.0(react@19.2.4)

  tslib@2.8.1: {}

  typescript@5.9.3: {}

  undici-types@6.21.0: {}

  use-intl@4.14.1(react@19.2.4):
    dependencies:
      '@formatjs/fast-memoize': 3.1.7
      '@schummar/icu-type-parser': 1.21.5
      icu-minify: 4.14.1
      intl-messageformat: 11.2.14
      react: 19.2.4

  use-sync-external-store@1.6.0(react@19.2.4):
    dependencies:
      react: 19.2.4
